<?xml version="1.0" encoding="utf-8"?>
<Project ToolsVersion="4.0" xmlns="http://schemas.microsoft.com/developer/msbuild/2003">
  <ItemGroup>
    <Filter Include="stdafx">
      <UniqueIdentifier>{93995380-89BD-4b04-88EB-625FBE52EBFB}</UniqueIdentifier>
      <Extensions>h;hpp;hxx;hm;inl;inc;xsd</Extensions>
    </Filter>
    <Filter Include="Util">
      <UniqueIdentifier>{68726c0e-5bd0-4406-9261-58996d4739a2}</UniqueIdentifier>
    </Filter>
    <Filter Include="Common">
      <UniqueIdentifier>{4FC737F1-C7A5-4376-A066-2A32D752A2FF}</UniqueIdentifier>
      <Extensions>cpp;c;cc;cxx;def;odl;idl;hpj;bat;asm;asmx</Extensions>
    </Filter>
  </ItemGroup>
  <ItemGroup>
    <ClInclude Include="stdafx.h">
      <Filter>stdafx</Filter>
    </ClInclude>
    <ClInclude Include="targetver.h">
      <Filter>stdafx</Filter>
    </ClInclude>
    <ClInclude Include="ServiceCommon.h">
      <Filter>Common</Filter>
    </ClInclude>
    <ClInclude Include="Util\Process.h">
      <Filter>Util</Filter>
    </ClInclude>
    <ClInclude Include="Util\String.h">
      <Filter>Util</Filter>
    </ClInclude>
    <ClInclude Include="Util\Thread.h">
      <Filter>Util</Filter>
    </ClInclude>
    <ClInclude Include="Util\Time.h">
      <Filter>Util</Filter>
    </ClInclude>
    <ClInclude Include="Util\UtilCommon.h">
      <Filter>Util</Filter>
    </ClInclude>
    <ClInclude Include="Def.h">
      <Filter>stdafx</Filter>
    </ClInclude>
    <ClInclude Include="LogWrite.h">
      <Filter>Common</Filter>
    </ClInclude>
  </ItemGroup>
  <ItemGroup>
    <ClCompile Include="stdafx.cpp">
      <Filter>stdafx</Filter>
    </ClCompile>
    <ClCompile Include="Util\Process.cpp">
      <Filter>Util</Filter>
    </ClCompile>
    <ClCompile Include="Util\String.cpp">
      <Filter>Util</Filter>
    </ClCompile>
    <ClCompile Include="Util\Thread.cpp">
      <Filter>Util</Filter>
    </ClCompile>
    <ClCompile Include="Util\Time.cpp">
      <Filter>Util</Filter>
    </ClCompile>
    <ClCompile Include="LogWrite.cpp">
      <Filter>Common</Filter>
    </ClCompile>
  </ItemGroup>
  <ItemGroup>
    <Text Include="ReadMe.txt">
      <Filter>stdafx</Filter>
    </Text>
  </ItemGroup>
</Project>